{
  "name": "npm-builder",
  "version": "1.0.0",
  "lockfileVersion": 1,
  "dependencies": {
    "@types/mocha": {
      "version": "2.2.41",
      "resolved": "https://registry.npmjs.org/@types/mocha/-/mocha-2.2.41.tgz",
      "integrity": "sha1-4nzwgXFT658nE7LT9saPHhw8pgg=",
      "dev": true
    },
    "@types/node": {
      "version": "7.0.22",
      "resolved": "https://registry.npmjs.org/@types/node/-/node-7.0.22.tgz",
      "integrity": "sha1-RZP02Ci91hKSlHjqQMZ7T0A8olU=",
      "dev": true
    },
    "@types/shelljs": {
      "version": "0.7.1",
      "resolved": "https://registry.npmjs.org/@types/shelljs/-/shelljs-0.7.1.tgz",
      "integrity": "sha1-MP4UTjvdN8EcF0RFvFQZDLeZKkU=",
      "dev": true
    },
    "@types/winston": {
      "version": "2.3.2",
      "resolved": "https://registry.npmjs.org/@types/winston/-/winston-2.3.2.tgz",
      "integrity": "sha1-wWJUfLR8C4pFDmgbufpwQc2A7fo=",
      "dev": true
    }
  }
}
